lockfileVersion: '9.0'

settings:
  autoInstallPeers: true
  excludeLinksFromLockfile: false

importers:

  .:
    devDependencies:
      '@rslib/core':
        specifier: ^0.0.18
        version: 0.0.18(typescript@5.6.3)
      '@types/node':
        specifier: ^22.8.1
        version: 22.9.0
      typescript:
        specifier: ^5.6.3
        version: 5.6.3

packages:

  '@jridgewell/sourcemap-codec@1.5.0':
    resolution: {integrity: sha512-gv3ZRaISU3fjPAgNsriBRqGWQL6quFx04YMPW/zD8XMLsU32mhCCbfbO6KZFLjvYpCZ8zyDEgqsgf+PwPaM7GQ==}

  '@module-federation/runtime-tools@0.5.1':
    resolution: {integrity: sha512-nfBedkoZ3/SWyO0hnmaxuz0R0iGPSikHZOAZ0N/dVSQaIzlffUo35B5nlC2wgWIc0JdMZfkwkjZRrnuuDIJbzg==}

  '@module-federation/runtime@0.5.1':
    resolution: {integrity: sha512-xgiMUWwGLWDrvZc9JibuEbXIbhXg6z2oUkemogSvQ4LKvrl/n0kbqP1Blk669mXzyWbqtSp6PpvNdwaE1aN5xQ==}

  '@module-federation/sdk@0.5.1':
    resolution: {integrity: sha512-exvchtjNURJJkpqjQ3/opdbfeT2wPKvrbnGnyRkrwW5o3FH1LaST1tkiNviT6OXTexGaVc2DahbdniQHVtQ7pA==}

  '@module-federation/webpack-bundler-runtime@0.5.1':
    resolution: {integrity: sha512-mMhRFH0k2VjwHt3Jol9JkUsmI/4XlrAoBG3E0o7HoyoPYv1UFOWyqAflfANcUPgbYpvqmyLzDcO+3IT36LXnrA==}

  '@rsbuild/core@1.1.0':
    resolution: {integrity: sha512-SyQlJjWgR1VwLt4nuiY0g6L9INv2koH232TeDZuopvNgbRytskD3kJ8bbGWBBXsQjZjtqBEh5ishqf8CIfF8dQ==}
    engines: {node: '>=16.7.0'}
    hasBin: true

  '@rslib/core@0.0.18':
    resolution: {integrity: sha512-TN3WOgpX5FvHDA5oWm/5vG+sQQhzkUiHx0YjgEQHA0IiRUJNwaqDvSyRyQkBqWrQw5o6WpVet9kM/P6+rm4RSw==}
    engines: {node: '>=16.0.0'}
    hasBin: true
    peerDependencies:
      '@microsoft/api-extractor': ^7
      typescript: ^5
    peerDependenciesMeta:
      '@microsoft/api-extractor':
        optional: true
      typescript:
        optional: true

  '@rspack/binding-darwin-arm64@1.1.1':
    resolution: {integrity: sha512-BnvGPWObGZ2ZVnxe4K3NKwAWxYubOJvfwporXWD3NgkzeV5xJqGBFWRDnr/nfsFpgCTI8goxK5db/wb7NVzLqg==}
    cpu: [arm64]
    os: [darwin]

  '@rspack/binding-darwin-x64@1.1.1':
    resolution: {integrity: sha512-aiwJRkPGAg99vCrG/C9I87Fh9TShOAkzpf2yeJEZL4gwTj9A8wrc/xlrCFn1BDkbPnGYz62oCR7z6JLIDgYLuA==}
    cpu: [x64]
    os: [darwin]

  '@rspack/binding-linux-arm64-gnu@1.1.1':
    resolution: {integrity: sha512-2Z8YxH4+V0MiNhVQ2IFELDIFtykIdKgmOmGr/PuRQMHMxSn8AKo5uqBD30sZqe0+gryplZwK3hyrBETHOmSltQ==}
    cpu: [arm64]
    os: [linux]

  '@rspack/binding-linux-arm64-musl@1.1.1':
    resolution: {integrity: sha512-l+cJd3wAxBt523Min7qN+G5s3SU0rif9Yq2AFWWl+R6IvmnMlMq6sAAyiyogUidFmJ5XIKSJJBTBnvLF3g4ezg==}
    cpu: [arm64]
    os: [linux]

  '@rspack/binding-linux-x64-gnu@1.1.1':
    resolution: {integrity: sha512-goaDDrXNulR7FcvUfj8AjhF3g7IXUttjQ4QsfY2xz7s20tDETlq5HpcM2A8GEI6lqkPAv/ITU0AynLK7bfyr4A==}
    cpu: [x64]
    os: [linux]

  '@rspack/binding-linux-x64-musl@1.1.1':
    resolution: {integrity: sha512-T4RRn9ycxUHAfZJpfNRy+DdfevTXIZqox+NNg/N3d+Pqj5QS3zqpHBfPLC2mIIN1dw55BoshRIP2C1hUG0Fk6g==}
    cpu: [x64]
    os: [linux]

  '@rspack/binding-win32-arm64-msvc@1.1.1':
    resolution: {integrity: sha512-FHIPpueFc/+vWdZeVWRYWW0Z0IsDIHy+WhWxITeLjOVGsUN4rhaztYOausD7WsOlOhmR0SddeOYtRs/BR35wig==}
    cpu: [arm64]
    os: [win32]

  '@rspack/binding-win32-ia32-msvc@1.1.1':
    resolution: {integrity: sha512-pgXE45ATK/Iil/oXlqaGoWZ0x3SoQk4dAjJGK7TzQuek6UEoJbLQL+W1ufe/iUxz67ICAmUvq5NH2ftOhEE2SA==}
    cpu: [ia32]
    os: [win32]

  '@rspack/binding-win32-x64-msvc@1.1.1':
    resolution: {integrity: sha512-z/kdbB+uhMi+H4podjTE7bfUpahACUuPOZPUtAAA6PMgRyiigBTK5UFYN35D30MONwZP4yNiLvPjurwiLw7EpA==}
    cpu: [x64]
    os: [win32]

  '@rspack/binding@1.1.1':
    resolution: {integrity: sha512-BRFliHbErqWrUo9X9bdik9WTRi6EgrJSQbbUiVeIYgW4gzYdfHUohgTkWo2Byu36LZolKrEjq/Uq2A8q/tc0YA==}

  '@rspack/core@1.1.1':
    resolution: {integrity: sha512-khYNAho2evyc7N5mYk4K6B587ou/dN1CDCqWrSDeZZNFFQHtuEp5T3kL1ntsKY7agObQhI60osCYaxFUPs0yww==}
    engines: {node: '>=16.0.0'}
    peerDependencies:
      '@swc/helpers': '>=0.5.1'
    peerDependenciesMeta:
      '@swc/helpers':
        optional: true

  '@rspack/lite-tapable@1.0.1':
    resolution: {integrity: sha512-VynGOEsVw2s8TAlLf/uESfrgfrq2+rcXB1muPJYBWbsm1Oa6r5qVQhjA5ggM6z/coYPrsVMgovl3Ff7Q7OCp1w==}
    engines: {node: '>=16.0.0'}

  '@swc/helpers@0.5.15':
    resolution: {integrity: sha512-JQ5TuMi45Owi4/BIMAJBoSQoOJu12oOk/gADqlcUL9JEdHB8vyjUSsxqeNXnmXHjYKMi2WcYtezGEEhqUI/E2g==}

  '@types/node@22.9.0':
    resolution: {integrity: sha512-vuyHg81vvWA1Z1ELfvLko2c8f34gyA0zaic0+Rllc5lbCnbSyuvb2Oxpm6TAUAC/2xZN3QGqxBNggD1nNR2AfQ==}

  caniuse-lite@1.0.30001680:
    resolution: {integrity: sha512-rPQy70G6AGUMnbwS1z6Xg+RkHYPAi18ihs47GH0jcxIG7wArmPgY3XbS2sRdBbxJljp3thdT8BIqv9ccCypiPA==}

  core-js@3.39.0:
    resolution: {integrity: sha512-raM0ew0/jJUqkJ0E6e8UDtl+y/7ktFivgWvqw8dNSQeNWoSDLvQ1H/RN3aPXB9tBd4/FhyR4RDPGhsNIMsAn7g==}

  fdir@6.4.2:
    resolution: {integrity: sha512-KnhMXsKSPZlAhp7+IjUkRZKPb4fUyccpDrdFXbi4QL1qkmFh9kVY09Yox+n4MaOb3lHZ1Tv829C3oaaXoMYPDQ==}
    peerDependencies:
      picomatch: ^3 || ^4
    peerDependenciesMeta:
      picomatch:
        optional: true

  fsevents@2.3.3:
    resolution: {integrity: sha512-5xoDfX+fL7faATnagmWPpbFtwh/R77WmMMqqHGS65C3vvB0YHrgF+B1YmZ3441tMj5n63k0212XNoJwzlhffQw==}
    engines: {node: ^8.16.0 || ^10.6.0 || >=11.0.0}
    os: [darwin]

  magic-string@0.30.12:
    resolution: {integrity: sha512-Ea8I3sQMVXr8JhN4z+H/d8zwo+tYDgHE9+5G4Wnrwhs0gaK9fXTKx0Tw5Xwsd/bCPTTZNRAdpyzvoeORe9LYpw==}

  picocolors@1.1.1:
    resolution: {integrity: sha512-xceH2snhtb5M9liqDsmEw56le376mTZkEX/jEb/RxNFyegNul7eNslCXP9FDj/Lcu0X8KEyMceP2ntpaHrDEVA==}

  picomatch@4.0.2:
    resolution: {integrity: sha512-M7BAV6Rlcy5u+m6oPhAPFgJTzAioX/6B0DxyvDlo9l8+T3nLKbrczg2WLUyzd45L8RqfUMyGPzekbMvX2Ldkwg==}
    engines: {node: '>=12'}

  rsbuild-plugin-dts@0.0.18:
    resolution: {integrity: sha512-svOrOUi3INkEEhUShMtUBqpBKNdco6qY8BmvO7wAHzU736p3bemlf79ubxDpWFR1WbML9ahv6MqrIQunu3aDNg==}
    engines: {node: '>=16.0.0'}
    peerDependencies:
      '@microsoft/api-extractor': ^7
      '@rsbuild/core': 1.x
      typescript: ^5
    peerDependenciesMeta:
      '@microsoft/api-extractor':
        optional: true
      typescript:
        optional: true

  tinyglobby@0.2.10:
    resolution: {integrity: sha512-Zc+8eJlFMvgatPZTl6A9L/yht8QqdmUNtURHaKZLmKBE12hNPSrqNkUp2cs3M/UKmNVVAMFQYSjYIVHDjW5zew==}
    engines: {node: '>=12.0.0'}

  tslib@2.8.1:
    resolution: {integrity: sha512-oJFu94HQb+KVduSUQL7wnpmqnfmLsOA/nAh6b6EH0wCEoK0/mPeXU6c3wKDV83MkOuHPRHtSXKKU99IBazS/2w==}

  typescript@5.6.3:
    resolution: {integrity: sha512-hjcS1mhfuyi4WW8IWtjP7brDrG2cuDZukyrYrSauoXGNgx0S7zceP07adYkJycEr56BOUTNPzbInooiN3fn1qw==}
    engines: {node: '>=14.17'}
    hasBin: true

  undici-types@6.19.8:
    resolution: {integrity: sha512-ve2KP6f/JnbPBFyobGHuerC9g1FYGn/F8n1LWTwNxCEzd6IfqTwUQcNXgEtmmQ6DlRrC1hrSrBnCZPokRrDHjw==}

snapshots:

  '@jridgewell/sourcemap-codec@1.5.0': {}

  '@module-federation/runtime-tools@0.5.1':
    dependencies:
      '@module-federation/runtime': 0.5.1
      '@module-federation/webpack-bundler-runtime': 0.5.1

  '@module-federation/runtime@0.5.1':
    dependencies:
      '@module-federation/sdk': 0.5.1

  '@module-federation/sdk@0.5.1': {}

  '@module-federation/webpack-bundler-runtime@0.5.1':
    dependencies:
      '@module-federation/runtime': 0.5.1
      '@module-federation/sdk': 0.5.1

  '@rsbuild/core@1.1.0':
    dependencies:
      '@rspack/core': 1.1.1(@swc/helpers@0.5.15)
      '@rspack/lite-tapable': 1.0.1
      '@swc/helpers': 0.5.15
      core-js: 3.39.0
    optionalDependencies:
      fsevents: 2.3.3

  '@rslib/core@0.0.18(typescript@5.6.3)':
    dependencies:
      '@rsbuild/core': 1.1.0
      rsbuild-plugin-dts: 0.0.18(@rsbuild/core@1.1.0)(typescript@5.6.3)
      tinyglobby: 0.2.10
    optionalDependencies:
      typescript: 5.6.3

  '@rspack/binding-darwin-arm64@1.1.1':
    optional: true

  '@rspack/binding-darwin-x64@1.1.1':
    optional: true

  '@rspack/binding-linux-arm64-gnu@1.1.1':
    optional: true

  '@rspack/binding-linux-arm64-musl@1.1.1':
    optional: true

  '@rspack/binding-linux-x64-gnu@1.1.1':
    optional: true

  '@rspack/binding-linux-x64-musl@1.1.1':
    optional: true

  '@rspack/binding-win32-arm64-msvc@1.1.1':
    optional: true

  '@rspack/binding-win32-ia32-msvc@1.1.1':
    optional: true

  '@rspack/binding-win32-x64-msvc@1.1.1':
    optional: true

  '@rspack/binding@1.1.1':
    optionalDependencies:
      '@rspack/binding-darwin-arm64': 1.1.1
      '@rspack/binding-darwin-x64': 1.1.1
      '@rspack/binding-linux-arm64-gnu': 1.1.1
      '@rspack/binding-linux-arm64-musl': 1.1.1
      '@rspack/binding-linux-x64-gnu': 1.1.1
      '@rspack/binding-linux-x64-musl': 1.1.1
      '@rspack/binding-win32-arm64-msvc': 1.1.1
      '@rspack/binding-win32-ia32-msvc': 1.1.1
      '@rspack/binding-win32-x64-msvc': 1.1.1

  '@rspack/core@1.1.1(@swc/helpers@0.5.15)':
    dependencies:
      '@module-federation/runtime-tools': 0.5.1
      '@rspack/binding': 1.1.1
      '@rspack/lite-tapable': 1.0.1
      caniuse-lite: 1.0.30001680
    optionalDependencies:
      '@swc/helpers': 0.5.15

  '@rspack/lite-tapable@1.0.1': {}

  '@swc/helpers@0.5.15':
    dependencies:
      tslib: 2.8.1

  '@types/node@22.9.0':
    dependencies:
      undici-types: 6.19.8

  caniuse-lite@1.0.30001680: {}

  core-js@3.39.0: {}

  fdir@6.4.2(picomatch@4.0.2):
    optionalDependencies:
      picomatch: 4.0.2

  fsevents@2.3.3:
    optional: true

  magic-string@0.30.12:
    dependencies:
      '@jridgewell/sourcemap-codec': 1.5.0

  picocolors@1.1.1: {}

  picomatch@4.0.2: {}

  rsbuild-plugin-dts@0.0.18(@rsbuild/core@1.1.0)(typescript@5.6.3):
    dependencies:
      '@rsbuild/core': 1.1.0
      magic-string: 0.30.12
      picocolors: 1.1.1
      tinyglobby: 0.2.10
    optionalDependencies:
      typescript: 5.6.3

  tinyglobby@0.2.10:
    dependencies:
      fdir: 6.4.2(picomatch@4.0.2)
      picomatch: 4.0.2

  tslib@2.8.1: {}

  typescript@5.6.3: {}

  undici-types@6.19.8: {}
